<?xml version="1.0" encoding="utf-8"?>
<Project ToolsVersion="4.0" xmlns="http://schemas.microsoft.com/developer/msbuild/2003">
  <ItemGroup>
    <Filter Include="Inception">
      <UniqueIdentifier>{8EE46C66-FA4E-21DD-438D-D282AF36FF31}</UniqueIdentifier>
    </Filter>
  </ItemGroup>
  <ItemGroup>
    <ClInclude Include="src\Inception.h" />
    <ClInclude Include="src\Inception\Application.h">
      <Filter>Inception</Filter>
    </ClInclude>
    <ClInclude Include="src\Inception\Core.h">
      <Filter>Inception</Filter>
    </ClInclude>
    <ClInclude Include="src\Inception\EntryPoint.h">
      <Filter>Inception</Filter>
    </ClInclude>
    <ClInclude Include="src\Inception\Log.h">
      <Filter>Inception</Filter>
    </ClInclude>
  </ItemGroup>
  <ItemGroup>
    <ClCompile Include="src\Inception\Application.cpp">
      <Filter>Inception</Filter>
    </ClCompile>
    <ClCompile Include="src\Inception\Log.cpp">
      <Filter>Inception</Filter>
    </ClCompile>
  </ItemGroup>
</Project>