<?xml version="1.0" encoding="utf-8"?>
<Project ToolsVersion="4.0" xmlns="http://schemas.microsoft.com/developer/msbuild/2003">
  <ItemGroup>
    <Filter Include="Inception">
      <UniqueIdentifier>{8EE46C66-FA4E-21DD-438D-D282AF36FF31}</UniqueIdentifier>
    </Filter>
    <Filter Include="Inception\Events">
      <UniqueIdentifier>{B2247EEE-9E1D-9D40-C74F-82C5B3A77C4C}</UniqueIdentifier>
    </Filter>
    <Filter Include="Inception\ImGui">
      <UniqueIdentifier>{380C5E8B-A497-CB4F-ADA8-4E4419B32750}</UniqueIdentifier>
    </Filter>
    <Filter Include="Platform">
      <UniqueIdentifier>{2AC788B4-1694-E3BF-3FAD-D1672BD9184E}</UniqueIdentifier>
    </Filter>
    <Filter Include="Platform\OpenGL">
      <UniqueIdentifier>{1E7D2C1D-8A08-9AE1-9319-1DD6FF23F6E1}</UniqueIdentifier>
    </Filter>
    <Filter Include="Platform\Windows">
      <UniqueIdentifier>{64FBD71A-50F4-F66C-7926-DCF1657ED678}</UniqueIdentifier>
    </Filter>
  </ItemGroup>
  <ItemGroup>
    <ClInclude Include="src\Inception.h" />
    <ClInclude Include="src\Inception\Application.h">
      <Filter>Inception</Filter>
    </ClInclude>
    <ClInclude Include="src\Inception\Core.h">
      <Filter>Inception</Filter>
    </ClInclude>
    <ClInclude Include="src\Inception\EntryPoint.h">
      <Filter>Inception</Filter>
    </ClInclude>
    <ClInclude Include="src\Inception\Events\ApplicationEvent.h">
      <Filter>Inception\Events</Filter>
    </ClInclude>
    <ClInclude Include="src\Inception\Events\Event.h">
      <Filter>Inception\Events</Filter>
    </ClInclude>
    <ClInclude Include="src\Inception\Events\KeyEvent.h">
      <Filter>Inception\Events</Filter>
    </ClInclude>
    <ClInclude Include="src\Inception\Events\MouseEvent.h">
      <Filter>Inception\Events</Filter>
    </ClInclude>
    <ClInclude Include="src\Inception\ImGui\ImGuiLayer.h">
      <Filter>Inception\ImGui</Filter>
    </ClInclude>
    <ClInclude Include="src\Inception\Layer.h">
      <Filter>Inception</Filter>
    </ClInclude>
    <ClInclude Include="src\Inception\LayerStack.h">
      <Filter>Inception</Filter>
    </ClInclude>
    <ClInclude Include="src\Inception\Log.h">
      <Filter>Inception</Filter>
    </ClInclude>
    <ClInclude Include="src\Inception\Window.h">
      <Filter>Inception</Filter>
    </ClInclude>
    <ClInclude Include="src\Platform\Windows\WindowsWindow.h">
      <Filter>Platform\Windows</Filter>
    </ClInclude>
    <ClInclude Include="src\icppch.h" />
    <ClInclude Include="src\Platform\OpenGL\ImGuiOpenGLRenderer.h">
      <Filter>Platform\OpenGL</Filter>
    </ClInclude>
  </ItemGroup>
  <ItemGroup>
    <ClCompile Include="src\Inception\Application.cpp">
      <Filter>Inception</Filter>
    </ClCompile>
    <ClCompile Include="src\Inception\ImGui\ImGuiLayer.cpp">
      <Filter>Inception\ImGui</Filter>
    </ClCompile>
    <ClCompile Include="src\Inception\Layer.cpp">
      <Filter>Inception</Filter>
    </ClCompile>
    <ClCompile Include="src\Inception\LayerStack.cpp">
      <Filter>Inception</Filter>
    </ClCompile>
    <ClCompile Include="src\Inception\Log.cpp">
      <Filter>Inception</Filter>
    </ClCompile>
    <ClCompile Include="src\Platform\Windows\WindowsWindow.cpp">
      <Filter>Platform\Windows</Filter>
    </ClCompile>
    <ClCompile Include="src\icppch.cpp" />
    <ClCompile Include="src\Platform\OpenGL\ImGuiOpenGLRenderer.cpp">
      <Filter>Platform\OpenGL</Filter>
    </ClCompile>
  </ItemGroup>
</Project>